
Microsoft Visual Studio Solution File, Format Version 12.00
# Visual Studio Version 17
VisualStudioVersion = 17.5.002.0
MinimumVisualStudioVersion = 10.0.40219.1
Project("{9A19103F-16F7-4668-BE54-9A1E7A4F7556}") = "Ödev 3", "Ödev 3.csproj", "{8E7D8F93-2706-4AAD-A4B0-A8B5599F3448}"
EndProject
Global
	GlobalSection(SolutionConfigurationPlatforms) = preSolution
		Debug|Any CPU = Debug|Any CPU
		Release|Any CPU = Release|Any CPU
	EndGlobalSection
	GlobalSection(ProjectConfigurationPlatforms) = postSolution
		{8E7D8F93-2706-4AAD-A4B0-A8B5599F3448}.Debug|Any CPU.ActiveCfg = Debug|Any CPU
		{8E7D8F93-2706-4AAD-A4B0-A8B5599F3448}.Debug|Any CPU.Build.0 = Debug|Any CPU
		{8E7D8F93-2706-4AAD-A4B0-A8B5599F3448}.Release|Any CPU.ActiveCfg = Release|Any CPU
		{8E7D8F93-2706-4AAD-A4B0-A8B5599F3448}.Release|Any CPU.Build.0 = Release|Any CPU
	EndGlobalSection
	GlobalSection(SolutionProperties) = preSolution
		HideSolutionNode = FALSE
	EndGlobalSection
	GlobalSection(ExtensibilityGlobals) = postSolution
		SolutionGuid = {41B77439-2689-423A-A239-EA61D2933B24}
	EndGlobalSection
EndGlobal
