
Microsoft Visual Studio Solution File, Format Version 12.00
# Visual Studio Version 17
VisualStudioVersion = 17.5.002.0
MinimumVisualStudioVersion = 10.0.40219.1
Project("{9A19103F-16F7-4668-BE54-9A1E7A4F7556}") = "Ödev 17", "Ödev 17.csproj", "{1AC9EE42-7444-4B2A-BB77-7F71BEFE87C8}"
EndProject
Global
	GlobalSection(SolutionConfigurationPlatforms) = preSolution
		Debug|Any CPU = Debug|Any CPU
		Release|Any CPU = Release|Any CPU
	EndGlobalSection
	GlobalSection(ProjectConfigurationPlatforms) = postSolution
		{1AC9EE42-7444-4B2A-BB77-7F71BEFE87C8}.Debug|Any CPU.ActiveCfg = Debug|Any CPU
		{1AC9EE42-7444-4B2A-BB77-7F71BEFE87C8}.Debug|Any CPU.Build.0 = Debug|Any CPU
		{1AC9EE42-7444-4B2A-BB77-7F71BEFE87C8}.Release|Any CPU.ActiveCfg = Release|Any CPU
		{1AC9EE42-7444-4B2A-BB77-7F71BEFE87C8}.Release|Any CPU.Build.0 = Release|Any CPU
	EndGlobalSection
	GlobalSection(SolutionProperties) = preSolution
		HideSolutionNode = FALSE
	EndGlobalSection
	GlobalSection(ExtensibilityGlobals) = postSolution
		SolutionGuid = {DC6E5EB7-DBF8-447D-9EEE-04CFA8A6C66E}
	EndGlobalSection
EndGlobal
