
Microsoft Visual Studio Solution File, Format Version 12.00
# Visual Studio Version 17
VisualStudioVersion = 17.5.002.0
MinimumVisualStudioVersion = 10.0.40219.1
Project("{9A19103F-16F7-4668-BE54-9A1E7A4F7556}") = "Ödev 24", "Ödev 24.csproj", "{2C5BAFCD-7ED6-44E9-9D9F-08082A56BECB}"
EndProject
Global
	GlobalSection(SolutionConfigurationPlatforms) = preSolution
		Debug|Any CPU = Debug|Any CPU
		Release|Any CPU = Release|Any CPU
	EndGlobalSection
	GlobalSection(ProjectConfigurationPlatforms) = postSolution
		{2C5BAFCD-7ED6-44E9-9D9F-08082A56BECB}.Debug|Any CPU.ActiveCfg = Debug|Any CPU
		{2C5BAFCD-7ED6-44E9-9D9F-08082A56BECB}.Debug|Any CPU.Build.0 = Debug|Any CPU
		{2C5BAFCD-7ED6-44E9-9D9F-08082A56BECB}.Release|Any CPU.ActiveCfg = Release|Any CPU
		{2C5BAFCD-7ED6-44E9-9D9F-08082A56BECB}.Release|Any CPU.Build.0 = Release|Any CPU
	EndGlobalSection
	GlobalSection(SolutionProperties) = preSolution
		HideSolutionNode = FALSE
	EndGlobalSection
	GlobalSection(ExtensibilityGlobals) = postSolution
		SolutionGuid = {85258213-8159-458B-88A1-355D8123CC91}
	EndGlobalSection
EndGlobal
